
Microsoft Visual Studio Solution File, Format Version 12.00
# Visual Studio 2013
VisualStudioVersion = 12.0.30110.0
MinimumVisualStudioVersion = 10.0.40219.1
Project("{FAE04EC0-301F-11D3-BF4B-00C04F79EFBC}") = "RestSys", "RestSys\RestSys.csproj", "{C2200F2B-84D9-4527-B822-5609E503AFC7}"
EndProject
Project("{FAE04EC0-301F-11D3-BF4B-00C04F79EFBC}") = "RestSys.Client", "RestSys.Client\RestSys.Client.csproj", "{5B6C4856-BED0-45EC-A58F-E18411B3F4FD}"
EndProject
Project("{FAE04EC0-301F-11D3-BF4B-00C04F79EFBC}") = "RestSys.Models", "RestSys.Models\RestSys.Models.csproj", "{CBDC4359-B0D3-4885-AE22-FF79D5244248}"
EndProject
Project("{FAE04EC0-301F-11D3-BF4B-00C04F79EFBC}") = "RestSys.Client.Tests", "RestSys.Client.Tests\RestSys.Client.Tests.csproj", "{64501104-B1EB-4562-B413-6693351307BC}"
EndProject
Project("{FAE04EC0-301F-11D3-BF4B-00C04F79EFBC}") = "RestSys.Tests", "RestSys.Tests\RestSys.Tests.csproj", "{F4DAFAAA-948F-4908-B8D1-33B4EF7F640B}"
EndProject
Project("{FAE04EC0-301F-11D3-BF4B-00C04F79EFBC}") = "RestSys.ClientCore", "RestSys.ClientCore\RestSys.ClientCore.csproj", "{8E6814F6-27EC-44CA-93AB-3E1F8EBFE686}"
EndProject
Global
	GlobalSection(SolutionConfigurationPlatforms) = preSolution
		Debug|Any CPU = Debug|Any CPU
		Debug|ARM = Debug|ARM
		Debug|x64 = Debug|x64
		Debug|x86 = Debug|x86
		Release|Any CPU = Release|Any CPU
		Release|ARM = Release|ARM
		Release|x64 = Release|x64
		Release|x86 = Release|x86
	EndGlobalSection
	GlobalSection(ProjectConfigurationPlatforms) = postSolution
		{C2200F2B-84D9-4527-B822-5609E503AFC7}.Debug|Any CPU.ActiveCfg = Debug|Any CPU
		{C2200F2B-84D9-4527-B822-5609E503AFC7}.Debug|Any CPU.Build.0 = Debug|Any CPU
		{C2200F2B-84D9-4527-B822-5609E503AFC7}.Debug|ARM.ActiveCfg = Debug|Any CPU
		{C2200F2B-84D9-4527-B822-5609E503AFC7}.Debug|x64.ActiveCfg = Debug|Any CPU
		{C2200F2B-84D9-4527-B822-5609E503AFC7}.Debug|x86.ActiveCfg = Debug|Any CPU
		{C2200F2B-84D9-4527-B822-5609E503AFC7}.Release|Any CPU.ActiveCfg = Release|Any CPU
		{C2200F2B-84D9-4527-B822-5609E503AFC7}.Release|Any CPU.Build.0 = Release|Any CPU
		{C2200F2B-84D9-4527-B822-5609E503AFC7}.Release|ARM.ActiveCfg = Release|Any CPU
		{C2200F2B-84D9-4527-B822-5609E503AFC7}.Release|x64.ActiveCfg = Release|Any CPU
		{C2200F2B-84D9-4527-B822-5609E503AFC7}.Release|x86.ActiveCfg = Release|Any CPU
		{5B6C4856-BED0-45EC-A58F-E18411B3F4FD}.Debug|Any CPU.ActiveCfg = Debug|Any CPU
		{5B6C4856-BED0-45EC-A58F-E18411B3F4FD}.Debug|Any CPU.Build.0 = Debug|Any CPU
		{5B6C4856-BED0-45EC-A58F-E18411B3F4FD}.Debug|Any CPU.Deploy.0 = Debug|Any CPU
		{5B6C4856-BED0-45EC-A58F-E18411B3F4FD}.Debug|ARM.ActiveCfg = Debug|ARM
		{5B6C4856-BED0-45EC-A58F-E18411B3F4FD}.Debug|ARM.Build.0 = Debug|ARM
		{5B6C4856-BED0-45EC-A58F-E18411B3F4FD}.Debug|ARM.Deploy.0 = Debug|ARM
		{5B6C4856-BED0-45EC-A58F-E18411B3F4FD}.Debug|x64.ActiveCfg = Debug|x64
		{5B6C4856-BED0-45EC-A58F-E18411B3F4FD}.Debug|x64.Build.0 = Debug|x64
		{5B6C4856-BED0-45EC-A58F-E18411B3F4FD}.Debug|x64.Deploy.0 = Debug|x64
		{5B6C4856-BED0-45EC-A58F-E18411B3F4FD}.Debug|x86.ActiveCfg = Debug|x86
		{5B6C4856-BED0-45EC-A58F-E18411B3F4FD}.Debug|x86.Build.0 = Debug|x86
		{5B6C4856-BED0-45EC-A58F-E18411B3F4FD}.Debug|x86.Deploy.0 = Debug|x86
		{5B6C4856-BED0-45EC-A58F-E18411B3F4FD}.Release|Any CPU.ActiveCfg = Release|Any CPU
		{5B6C4856-BED0-45EC-A58F-E18411B3F4FD}.Release|Any CPU.Build.0 = Release|Any CPU
		{5B6C4856-BED0-45EC-A58F-E18411B3F4FD}.Release|Any CPU.Deploy.0 = Release|Any CPU
		{5B6C4856-BED0-45EC-A58F-E18411B3F4FD}.Release|ARM.ActiveCfg = Release|ARM
		{5B6C4856-BED0-45EC-A58F-E18411B3F4FD}.Release|ARM.Build.0 = Release|ARM
		{5B6C4856-BED0-45EC-A58F-E18411B3F4FD}.Release|ARM.Deploy.0 = Release|ARM
		{5B6C4856-BED0-45EC-A58F-E18411B3F4FD}.Release|x64.ActiveCfg = Release|x64
		{5B6C4856-BED0-45EC-A58F-E18411B3F4FD}.Release|x64.Build.0 = Release|x64
		{5B6C4856-BED0-45EC-A58F-E18411B3F4FD}.Release|x64.Deploy.0 = Release|x64
		{5B6C4856-BED0-45EC-A58F-E18411B3F4FD}.Release|x86.ActiveCfg = Release|x86
		{5B6C4856-BED0-45EC-A58F-E18411B3F4FD}.Release|x86.Build.0 = Release|x86
		{5B6C4856-BED0-45EC-A58F-E18411B3F4FD}.Release|x86.Deploy.0 = Release|x86
		{CBDC4359-B0D3-4885-AE22-FF79D5244248}.Debug|Any CPU.ActiveCfg = Debug|Any CPU
		{CBDC4359-B0D3-4885-AE22-FF79D5244248}.Debug|Any CPU.Build.0 = Debug|Any CPU
		{CBDC4359-B0D3-4885-AE22-FF79D5244248}.Debug|ARM.ActiveCfg = Debug|Any CPU
		{CBDC4359-B0D3-4885-AE22-FF79D5244248}.Debug|x64.ActiveCfg = Debug|Any CPU
		{CBDC4359-B0D3-4885-AE22-FF79D5244248}.Debug|x86.ActiveCfg = Debug|Any CPU
		{CBDC4359-B0D3-4885-AE22-FF79D5244248}.Release|Any CPU.ActiveCfg = Release|Any CPU
		{CBDC4359-B0D3-4885-AE22-FF79D5244248}.Release|Any CPU.Build.0 = Release|Any CPU
		{CBDC4359-B0D3-4885-AE22-FF79D5244248}.Release|ARM.ActiveCfg = Release|Any CPU
		{CBDC4359-B0D3-4885-AE22-FF79D5244248}.Release|x64.ActiveCfg = Release|Any CPU
		{CBDC4359-B0D3-4885-AE22-FF79D5244248}.Release|x86.ActiveCfg = Release|Any CPU
		{64501104-B1EB-4562-B413-6693351307BC}.Debug|Any CPU.ActiveCfg = Debug|Any CPU
		{64501104-B1EB-4562-B413-6693351307BC}.Debug|Any CPU.Build.0 = Debug|Any CPU
		{64501104-B1EB-4562-B413-6693351307BC}.Debug|Any CPU.Deploy.0 = Debug|Any CPU
		{64501104-B1EB-4562-B413-6693351307BC}.Debug|ARM.ActiveCfg = Debug|ARM
		{64501104-B1EB-4562-B413-6693351307BC}.Debug|ARM.Build.0 = Debug|ARM
		{64501104-B1EB-4562-B413-6693351307BC}.Debug|ARM.Deploy.0 = Debug|ARM
		{64501104-B1EB-4562-B413-6693351307BC}.Debug|x64.ActiveCfg = Debug|x64
		{64501104-B1EB-4562-B413-6693351307BC}.Debug|x64.Build.0 = Debug|x64
		{64501104-B1EB-4562-B413-6693351307BC}.Debug|x64.Deploy.0 = Debug|x64
		{64501104-B1EB-4562-B413-6693351307BC}.Debug|x86.ActiveCfg = Debug|x86
		{64501104-B1EB-4562-B413-6693351307BC}.Debug|x86.Build.0 = Debug|x86
		{64501104-B1EB-4562-B413-6693351307BC}.Debug|x86.Deploy.0 = Debug|x86
		{64501104-B1EB-4562-B413-6693351307BC}.Release|Any CPU.ActiveCfg = Release|Any CPU
		{64501104-B1EB-4562-B413-6693351307BC}.Release|Any CPU.Build.0 = Release|Any CPU
		{64501104-B1EB-4562-B413-6693351307BC}.Release|Any CPU.Deploy.0 = Release|Any CPU
		{64501104-B1EB-4562-B413-6693351307BC}.Release|ARM.ActiveCfg = Release|ARM
		{64501104-B1EB-4562-B413-6693351307BC}.Release|ARM.Build.0 = Release|ARM
		{64501104-B1EB-4562-B413-6693351307BC}.Release|ARM.Deploy.0 = Release|ARM
		{64501104-B1EB-4562-B413-6693351307BC}.Release|x64.ActiveCfg = Release|x64
		{64501104-B1EB-4562-B413-6693351307BC}.Release|x64.Build.0 = Release|x64
		{64501104-B1EB-4562-B413-6693351307BC}.Release|x64.Deploy.0 = Release|x64
		{64501104-B1EB-4562-B413-6693351307BC}.Release|x86.ActiveCfg = Release|x86
		{64501104-B1EB-4562-B413-6693351307BC}.Release|x86.Build.0 = Release|x86
		{64501104-B1EB-4562-B413-6693351307BC}.Release|x86.Deploy.0 = Release|x86
		{F4DAFAAA-948F-4908-B8D1-33B4EF7F640B}.Debug|Any CPU.ActiveCfg = Debug|Any CPU
		{F4DAFAAA-948F-4908-B8D1-33B4EF7F640B}.Debug|Any CPU.Build.0 = Debug|Any CPU
		{F4DAFAAA-948F-4908-B8D1-33B4EF7F640B}.Debug|ARM.ActiveCfg = Debug|Any CPU
		{F4DAFAAA-948F-4908-B8D1-33B4EF7F640B}.Debug|x64.ActiveCfg = Debug|Any CPU
		{F4DAFAAA-948F-4908-B8D1-33B4EF7F640B}.Debug|x86.ActiveCfg = Debug|Any CPU
		{F4DAFAAA-948F-4908-B8D1-33B4EF7F640B}.Release|Any CPU.ActiveCfg = Release|Any CPU
		{F4DAFAAA-948F-4908-B8D1-33B4EF7F640B}.Release|Any CPU.Build.0 = Release|Any CPU
		{F4DAFAAA-948F-4908-B8D1-33B4EF7F640B}.Release|ARM.ActiveCfg = Release|Any CPU
		{F4DAFAAA-948F-4908-B8D1-33B4EF7F640B}.Release|x64.ActiveCfg = Release|Any CPU
		{F4DAFAAA-948F-4908-B8D1-33B4EF7F640B}.Release|x86.ActiveCfg = Release|Any CPU
		{8E6814F6-27EC-44CA-93AB-3E1F8EBFE686}.Debug|Any CPU.ActiveCfg = Debug|Any CPU
		{8E6814F6-27EC-44CA-93AB-3E1F8EBFE686}.Debug|Any CPU.Build.0 = Debug|Any CPU
		{8E6814F6-27EC-44CA-93AB-3E1F8EBFE686}.Debug|ARM.ActiveCfg = Debug|ARM
		{8E6814F6-27EC-44CA-93AB-3E1F8EBFE686}.Debug|ARM.Build.0 = Debug|ARM
		{8E6814F6-27EC-44CA-93AB-3E1F8EBFE686}.Debug|x64.ActiveCfg = Debug|x64
		{8E6814F6-27EC-44CA-93AB-3E1F8EBFE686}.Debug|x64.Build.0 = Debug|x64
		{8E6814F6-27EC-44CA-93AB-3E1F8EBFE686}.Debug|x86.ActiveCfg = Debug|x86
		{8E6814F6-27EC-44CA-93AB-3E1F8EBFE686}.Debug|x86.Build.0 = Debug|x86
		{8E6814F6-27EC-44CA-93AB-3E1F8EBFE686}.Release|Any CPU.ActiveCfg = Release|Any CPU
		{8E6814F6-27EC-44CA-93AB-3E1F8EBFE686}.Release|Any CPU.Build.0 = Release|Any CPU
		{8E6814F6-27EC-44CA-93AB-3E1F8EBFE686}.Release|ARM.ActiveCfg = Release|ARM
		{8E6814F6-27EC-44CA-93AB-3E1F8EBFE686}.Release|ARM.Build.0 = Release|ARM
		{8E6814F6-27EC-44CA-93AB-3E1F8EBFE686}.Release|x64.ActiveCfg = Release|x64
		{8E6814F6-27EC-44CA-93AB-3E1F8EBFE686}.Release|x64.Build.0 = Release|x64
		{8E6814F6-27EC-44CA-93AB-3E1F8EBFE686}.Release|x86.ActiveCfg = Release|x86
		{8E6814F6-27EC-44CA-93AB-3E1F8EBFE686}.Release|x86.Build.0 = Release|x86
	EndGlobalSection
	GlobalSection(SolutionProperties) = preSolution
		HideSolutionNode = FALSE
	EndGlobalSection
EndGlobal
